
Microsoft Visual Studio Solution File, Format Version 12.00
# Visual Studio Version 17
VisualStudioVersion = 17.6.33417.168
MinimumVisualStudioVersion = 10.0.40219.1
Project("{FAE04EC0-301F-11D3-BF4B-00C04F79EFBC}") = "SoftRenderer", "SoftRenderer\SoftRenderer.csproj", "{FAC5E15E-5C21-4388-A20C-C41D6C7ED2E4}"
EndProject
Global
	GlobalSection(SolutionConfigurationPlatforms) = preSolution
		Debug|Any CPU = Debug|Any CPU
		Release|Any CPU = Release|Any CPU
	EndGlobalSection
	GlobalSection(ProjectConfigurationPlatforms) = postSolution
		{FAC5E15E-5C21-4388-A20C-C41D6C7ED2E4}.Debug|Any CPU.ActiveCfg = Debug|Any CPU
		{FAC5E15E-5C21-4388-A20C-C41D6C7ED2E4}.Debug|Any CPU.Build.0 = Debug|Any CPU
		{FAC5E15E-5C21-4388-A20C-C41D6C7ED2E4}.Release|Any CPU.ActiveCfg = Release|Any CPU
		{FAC5E15E-5C21-4388-A20C-C41D6C7ED2E4}.Release|Any CPU.Build.0 = Release|Any CPU
	EndGlobalSection
	GlobalSection(SolutionProperties) = preSolution
		HideSolutionNode = FALSE
	EndGlobalSection
	GlobalSection(ExtensibilityGlobals) = postSolution
		SolutionGuid = {7F86144E-70B6-4C68-89F5-C195044DC90B}
	EndGlobalSection
EndGlobal
